PODS:
  - Nimble (9.2.0)
  - Quick (4.0.0)
  - RxCocoa (6.2.0):
    - RxRelay (= 6.2.0)
    - RxSwift (= 6.2.0)
  - RxRelay (6.2.0):
    - RxSwift (= 6.2.0)
  - RxSwift (6.2.0)
  - SpecLeaks (0.1.9):
    - Nimble (= 9.2.0)
    - Quick (= 4.0.0)

DEPENDENCIES:
  - Nimble
  - Quick
  - RxCocoa
  - RxSwift
  - SpecLeaks (from `../`)

SPEC REPOS:
  trunk:
    - Nimble
    - Quick
    - RxCocoa
    - RxRelay
    - RxSwift

EXTERNAL SOURCES:
  SpecLeaks:
    :path: "../"

SPEC CHECKSUMS:
  Nimble: 4f4a345c80b503b3ea13606a4f98405974ee4d0b
  Quick: 6473349e43b9271a8d43839d9ba1c442ed1b7ac4
  RxCocoa: 4baf94bb35f2c0ab31bc0cb9f1900155f646ba42
  RxRelay: e72dbfd157807478401ef1982e1c61c945c94b2f
  RxSwift: d356ab7bee873611322f134c5f9ef379fa183d8f
  SpecLeaks: ba38b0fa325bce10e3e98ddaa43e5cad29d0ef88

PODFILE CHECKSUM: e77a8a079dafceb226f5551c2a283c8f35b87f6a

COCOAPODS: 1.10.1
